
Microsoft Visual Studio Solution File, Format Version 12.00
# Visual Studio Version 16
VisualStudioVersion = 16.0.31313.79
MinimumVisualStudioVersion = 10.0.40219.1
Project("{FAE04EC0-301F-11D3-BF4B-00C04F79EFBC}") = "Proje1", "Proje1\Proje1.csproj", "{D72DA54E-E965-44CA-8722-6B9347A19BBD}"
EndProject
Global
	GlobalSection(SolutionConfigurationPlatforms) = preSolution
		Debug|Any CPU = Debug|Any CPU
		Release|Any CPU = Release|Any CPU
	EndGlobalSection
	GlobalSection(ProjectConfigurationPlatforms) = postSolution
		{D72DA54E-E965-44CA-8722-6B9347A19BBD}.Debug|Any CPU.ActiveCfg = Debug|Any CPU
		{D72DA54E-E965-44CA-8722-6B9347A19BBD}.Debug|Any CPU.Build.0 = Debug|Any CPU
		{D72DA54E-E965-44CA-8722-6B9347A19BBD}.Release|Any CPU.ActiveCfg = Release|Any CPU
		{D72DA54E-E965-44CA-8722-6B9347A19BBD}.Release|Any CPU.Build.0 = Release|Any CPU
	EndGlobalSection
	GlobalSection(SolutionProperties) = preSolution
		HideSolutionNode = FALSE
	EndGlobalSection
	GlobalSection(ExtensibilityGlobals) = postSolution
		SolutionGuid = {7D986DF0-A5A7-4769-94D3-81A5EA3697F0}
	EndGlobalSection
EndGlobal
