
Microsoft Visual Studio Solution File, Format Version 12.00
# Visual Studio Version 16
VisualStudioVersion = 16.0.31313.79
MinimumVisualStudioVersion = 10.0.40219.1
Project("{FAE04EC0-301F-11D3-BF4B-00C04F79EFBC}") = "Odev1", "Odev1\Odev1.csproj", "{DFDD27C4-91C9-43D1-8526-CF990888816F}"
EndProject
Global
	GlobalSection(SolutionConfigurationPlatforms) = preSolution
		Debug|Any CPU = Debug|Any CPU
		Release|Any CPU = Release|Any CPU
	EndGlobalSection
	GlobalSection(ProjectConfigurationPlatforms) = postSolution
		{DFDD27C4-91C9-43D1-8526-CF990888816F}.Debug|Any CPU.ActiveCfg = Debug|Any CPU
		{DFDD27C4-91C9-43D1-8526-CF990888816F}.Debug|Any CPU.Build.0 = Debug|Any CPU
		{DFDD27C4-91C9-43D1-8526-CF990888816F}.Release|Any CPU.ActiveCfg = Release|Any CPU
		{DFDD27C4-91C9-43D1-8526-CF990888816F}.Release|Any CPU.Build.0 = Release|Any CPU
	EndGlobalSection
	GlobalSection(SolutionProperties) = preSolution
		HideSolutionNode = FALSE
	EndGlobalSection
	GlobalSection(ExtensibilityGlobals) = postSolution
		SolutionGuid = {8CFD7311-CD50-49C1-B04C-581C2279C716}
	EndGlobalSection
EndGlobal
