
Microsoft Visual Studio Solution File, Format Version 12.00
# Visual Studio Version 16
VisualStudioVersion = 16.0.31313.79
MinimumVisualStudioVersion = 10.0.40219.1
Project("{FAE04EC0-301F-11D3-BF4B-00C04F79EFBC}") = "Proje_progressBar_ile_timer", "Proje_progressBar_ile_timer\Proje_progressBar_ile_timer.csproj", "{1F49F20C-8856-46DB-B6CB-90C0D3C07863}"
EndProject
Global
	GlobalSection(SolutionConfigurationPlatforms) = preSolution
		Debug|Any CPU = Debug|Any CPU
		Release|Any CPU = Release|Any CPU
	EndGlobalSection
	GlobalSection(ProjectConfigurationPlatforms) = postSolution
		{1F49F20C-8856-46DB-B6CB-90C0D3C07863}.Debug|Any CPU.ActiveCfg = Debug|Any CPU
		{1F49F20C-8856-46DB-B6CB-90C0D3C07863}.Debug|Any CPU.Build.0 = Debug|Any CPU
		{1F49F20C-8856-46DB-B6CB-90C0D3C07863}.Release|Any CPU.ActiveCfg = Release|Any CPU
		{1F49F20C-8856-46DB-B6CB-90C0D3C07863}.Release|Any CPU.Build.0 = Release|Any CPU
	EndGlobalSection
	GlobalSection(SolutionProperties) = preSolution
		HideSolutionNode = FALSE
	EndGlobalSection
	GlobalSection(ExtensibilityGlobals) = postSolution
		SolutionGuid = {DA5BE990-4C82-46C6-B711-E6ACC2654283}
	EndGlobalSection
EndGlobal
