
Microsoft Visual Studio Solution File, Format Version 12.00
# Visual Studio Version 16
VisualStudioVersion = 16.0.31313.79
MinimumVisualStudioVersion = 10.0.40219.1
Project("{FAE04EC0-301F-11D3-BF4B-00C04F79EFBC}") = "Degiskenler_String", "Degiskenler_String\Degiskenler_String.csproj", "{5A3DBC32-7643-4FB3-8FDD-B799F6989168}"
EndProject
Global
	GlobalSection(SolutionConfigurationPlatforms) = preSolution
		Debug|Any CPU = Debug|Any CPU
		Release|Any CPU = Release|Any CPU
	EndGlobalSection
	GlobalSection(ProjectConfigurationPlatforms) = postSolution
		{5A3DBC32-7643-4FB3-8FDD-B799F6989168}.Debug|Any CPU.ActiveCfg = Debug|Any CPU
		{5A3DBC32-7643-4FB3-8FDD-B799F6989168}.Debug|Any CPU.Build.0 = Debug|Any CPU
		{5A3DBC32-7643-4FB3-8FDD-B799F6989168}.Release|Any CPU.ActiveCfg = Release|Any CPU
		{5A3DBC32-7643-4FB3-8FDD-B799F6989168}.Release|Any CPU.Build.0 = Release|Any CPU
	EndGlobalSection
	GlobalSection(SolutionProperties) = preSolution
		HideSolutionNode = FALSE
	EndGlobalSection
	GlobalSection(ExtensibilityGlobals) = postSolution
		SolutionGuid = {02B1FE54-E80F-4441-B1A4-4AB5CF80F989}
	EndGlobalSection
EndGlobal
