
Microsoft Visual Studio Solution File, Format Version 12.00
# Visual Studio Version 16
VisualStudioVersion = 16.0.31313.79
MinimumVisualStudioVersion = 10.0.40219.1
Project("{FAE04EC0-301F-11D3-BF4B-00C04F79EFBC}") = "Odev_String", "Odev_String\Odev_String.csproj", "{933BE312-C40E-432B-9608-2C2A585F916B}"
EndProject
Global
	GlobalSection(SolutionConfigurationPlatforms) = preSolution
		Debug|Any CPU = Debug|Any CPU
		Release|Any CPU = Release|Any CPU
	EndGlobalSection
	GlobalSection(ProjectConfigurationPlatforms) = postSolution
		{933BE312-C40E-432B-9608-2C2A585F916B}.Debug|Any CPU.ActiveCfg = Debug|Any CPU
		{933BE312-C40E-432B-9608-2C2A585F916B}.Debug|Any CPU.Build.0 = Debug|Any CPU
		{933BE312-C40E-432B-9608-2C2A585F916B}.Release|Any CPU.ActiveCfg = Release|Any CPU
		{933BE312-C40E-432B-9608-2C2A585F916B}.Release|Any CPU.Build.0 = Release|Any CPU
	EndGlobalSection
	GlobalSection(SolutionProperties) = preSolution
		HideSolutionNode = FALSE
	EndGlobalSection
	GlobalSection(ExtensibilityGlobals) = postSolution
		SolutionGuid = {C2A91789-D2A6-4BCB-B279-CBFF558FAA10}
	EndGlobalSection
EndGlobal
