
Microsoft Visual Studio Solution File, Format Version 12.00
# Visual Studio Version 16
VisualStudioVersion = 16.0.31313.79
MinimumVisualStudioVersion = 10.0.40219.1
Project("{FAE04EC0-301F-11D3-BF4B-00C04F79EFBC}") = "Return_metot", "Return_metot\Return_metot.csproj", "{9452173D-CF90-4BA4-AA1E-A8E5B277A760}"
EndProject
Global
	GlobalSection(SolutionConfigurationPlatforms) = preSolution
		Debug|Any CPU = Debug|Any CPU
		Release|Any CPU = Release|Any CPU
	EndGlobalSection
	GlobalSection(ProjectConfigurationPlatforms) = postSolution
		{9452173D-CF90-4BA4-AA1E-A8E5B277A760}.Debug|Any CPU.ActiveCfg = Debug|Any CPU
		{9452173D-CF90-4BA4-AA1E-A8E5B277A760}.Debug|Any CPU.Build.0 = Debug|Any CPU
		{9452173D-CF90-4BA4-AA1E-A8E5B277A760}.Release|Any CPU.ActiveCfg = Release|Any CPU
		{9452173D-CF90-4BA4-AA1E-A8E5B277A760}.Release|Any CPU.Build.0 = Release|Any CPU
	EndGlobalSection
	GlobalSection(SolutionProperties) = preSolution
		HideSolutionNode = FALSE
	EndGlobalSection
	GlobalSection(ExtensibilityGlobals) = postSolution
		SolutionGuid = {ED1C4A9D-6C4C-460E-9C2A-31A0C27AB707}
	EndGlobalSection
EndGlobal
