
Microsoft Visual Studio Solution File, Format Version 12.00
# Visual Studio Version 16
VisualStudioVersion = 16.0.31313.79
MinimumVisualStudioVersion = 10.0.40219.1
Project("{FAE04EC0-301F-11D3-BF4B-00C04F79EFBC}") = "Diziler_proje", "Diziler_proje\Diziler_proje.csproj", "{13B65F07-4D1D-42B4-8390-2AB7D4AA4D85}"
EndProject
Global
	GlobalSection(SolutionConfigurationPlatforms) = preSolution
		Debug|Any CPU = Debug|Any CPU
		Release|Any CPU = Release|Any CPU
	EndGlobalSection
	GlobalSection(ProjectConfigurationPlatforms) = postSolution
		{13B65F07-4D1D-42B4-8390-2AB7D4AA4D85}.Debug|Any CPU.ActiveCfg = Debug|Any CPU
		{13B65F07-4D1D-42B4-8390-2AB7D4AA4D85}.Debug|Any CPU.Build.0 = Debug|Any CPU
		{13B65F07-4D1D-42B4-8390-2AB7D4AA4D85}.Release|Any CPU.ActiveCfg = Release|Any CPU
		{13B65F07-4D1D-42B4-8390-2AB7D4AA4D85}.Release|Any CPU.Build.0 = Release|Any CPU
	EndGlobalSection
	GlobalSection(SolutionProperties) = preSolution
		HideSolutionNode = FALSE
	EndGlobalSection
	GlobalSection(ExtensibilityGlobals) = postSolution
		SolutionGuid = {4EEB0A32-E7F8-4710-B968-71D4D0B8E646}
	EndGlobalSection
EndGlobal
