
Microsoft Visual Studio Solution File, Format Version 12.00
# Visual Studio Version 16
VisualStudioVersion = 16.0.31313.79
MinimumVisualStudioVersion = 10.0.40219.1
Project("{FAE04EC0-301F-11D3-BF4B-00C04F79EFBC}") = "while_dongusu", "while_dongusu\while_dongusu.csproj", "{95006F18-A37F-4FC3-8169-6EA5313FDDE9}"
EndProject
Global
	GlobalSection(SolutionConfigurationPlatforms) = preSolution
		Debug|Any CPU = Debug|Any CPU
		Release|Any CPU = Release|Any CPU
	EndGlobalSection
	GlobalSection(ProjectConfigurationPlatforms) = postSolution
		{95006F18-A37F-4FC3-8169-6EA5313FDDE9}.Debug|Any CPU.ActiveCfg = Debug|Any CPU
		{95006F18-A37F-4FC3-8169-6EA5313FDDE9}.Debug|Any CPU.Build.0 = Debug|Any CPU
		{95006F18-A37F-4FC3-8169-6EA5313FDDE9}.Release|Any CPU.ActiveCfg = Release|Any CPU
		{95006F18-A37F-4FC3-8169-6EA5313FDDE9}.Release|Any CPU.Build.0 = Release|Any CPU
	EndGlobalSection
	GlobalSection(SolutionProperties) = preSolution
		HideSolutionNode = FALSE
	EndGlobalSection
	GlobalSection(ExtensibilityGlobals) = postSolution
		SolutionGuid = {52070C90-7FD1-41D6-8337-F8F2B0BB75DB}
	EndGlobalSection
EndGlobal
