
Microsoft Visual Studio Solution File, Format Version 12.00
# Visual Studio Version 16
VisualStudioVersion = 16.0.31313.79
MinimumVisualStudioVersion = 10.0.40219.1
Project("{FAE04EC0-301F-11D3-BF4B-00C04F79EFBC}") = "Arac_Kullanimlari2", "Arac_Kullanimlari2\Arac_Kullanimlari2.csproj", "{83BE7076-99FF-4915-A94F-0CF293AEB9F4}"
EndProject
Global
	GlobalSection(SolutionConfigurationPlatforms) = preSolution
		Debug|Any CPU = Debug|Any CPU
		Release|Any CPU = Release|Any CPU
	EndGlobalSection
	GlobalSection(ProjectConfigurationPlatforms) = postSolution
		{83BE7076-99FF-4915-A94F-0CF293AEB9F4}.Debug|Any CPU.ActiveCfg = Debug|Any CPU
		{83BE7076-99FF-4915-A94F-0CF293AEB9F4}.Debug|Any CPU.Build.0 = Debug|Any CPU
		{83BE7076-99FF-4915-A94F-0CF293AEB9F4}.Release|Any CPU.ActiveCfg = Release|Any CPU
		{83BE7076-99FF-4915-A94F-0CF293AEB9F4}.Release|Any CPU.Build.0 = Release|Any CPU
	EndGlobalSection
	GlobalSection(SolutionProperties) = preSolution
		HideSolutionNode = FALSE
	EndGlobalSection
	GlobalSection(ExtensibilityGlobals) = postSolution
		SolutionGuid = {7C7EDEB8-04D8-452C-AB3B-3B1834D0C3E6}
	EndGlobalSection
EndGlobal
