
Microsoft Visual Studio Solution File, Format Version 12.00
# Visual Studio Version 16
VisualStudioVersion = 16.0.31313.79
MinimumVisualStudioVersion = 10.0.40219.1
Project("{FAE04EC0-301F-11D3-BF4B-00C04F79EFBC}") = "extra_3,", "extra_3,\extra_3,.csproj", "{E8899A82-F16F-4077-BF0F-8A78FDF58B4F}"
EndProject
Global
	GlobalSection(SolutionConfigurationPlatforms) = preSolution
		Debug|Any CPU = Debug|Any CPU
		Release|Any CPU = Release|Any CPU
	EndGlobalSection
	GlobalSection(ProjectConfigurationPlatforms) = postSolution
		{E8899A82-F16F-4077-BF0F-8A78FDF58B4F}.Debug|Any CPU.ActiveCfg = Debug|Any CPU
		{E8899A82-F16F-4077-BF0F-8A78FDF58B4F}.Debug|Any CPU.Build.0 = Debug|Any CPU
		{E8899A82-F16F-4077-BF0F-8A78FDF58B4F}.Release|Any CPU.ActiveCfg = Release|Any CPU
		{E8899A82-F16F-4077-BF0F-8A78FDF58B4F}.Release|Any CPU.Build.0 = Release|Any CPU
	EndGlobalSection
	GlobalSection(SolutionProperties) = preSolution
		HideSolutionNode = FALSE
	EndGlobalSection
	GlobalSection(ExtensibilityGlobals) = postSolution
		SolutionGuid = {C50D3C93-F3FA-49E6-A5F6-369F58647237}
	EndGlobalSection
EndGlobal
