
Microsoft Visual Studio Solution File, Format Version 12.00
# Visual Studio Version 16
VisualStudioVersion = 16.0.31313.79
MinimumVisualStudioVersion = 10.0.40219.1
Project("{FAE04EC0-301F-11D3-BF4B-00C04F79EFBC}") = "Sinif_Ornek", "Sinif_Ornek\Sinif_Ornek.csproj", "{3084D12B-8C76-4222-A0A7-F52B046AF16A}"
EndProject
Global
	GlobalSection(SolutionConfigurationPlatforms) = preSolution
		Debug|Any CPU = Debug|Any CPU
		Release|Any CPU = Release|Any CPU
	EndGlobalSection
	GlobalSection(ProjectConfigurationPlatforms) = postSolution
		{3084D12B-8C76-4222-A0A7-F52B046AF16A}.Debug|Any CPU.ActiveCfg = Debug|Any CPU
		{3084D12B-8C76-4222-A0A7-F52B046AF16A}.Debug|Any CPU.Build.0 = Debug|Any CPU
		{3084D12B-8C76-4222-A0A7-F52B046AF16A}.Release|Any CPU.ActiveCfg = Release|Any CPU
		{3084D12B-8C76-4222-A0A7-F52B046AF16A}.Release|Any CPU.Build.0 = Release|Any CPU
	EndGlobalSection
	GlobalSection(SolutionProperties) = preSolution
		HideSolutionNode = FALSE
	EndGlobalSection
	GlobalSection(ExtensibilityGlobals) = postSolution
		SolutionGuid = {01EE9876-45E4-4CAC-ADD9-BB92E759F614}
	EndGlobalSection
EndGlobal
