
Microsoft Visual Studio Solution File, Format Version 12.00
# Visual Studio Version 16
VisualStudioVersion = 16.0.31313.79
MinimumVisualStudioVersion = 10.0.40219.1
Project("{FAE04EC0-301F-11D3-BF4B-00C04F79EFBC}") = "Degiskenler_double", "Degiskenler_double\Degiskenler_double.csproj", "{4F92BF4C-F5AE-461D-A1EF-6E45C5CF4AB9}"
EndProject
Global
	GlobalSection(SolutionConfigurationPlatforms) = preSolution
		Debug|Any CPU = Debug|Any CPU
		Release|Any CPU = Release|Any CPU
	EndGlobalSection
	GlobalSection(ProjectConfigurationPlatforms) = postSolution
		{4F92BF4C-F5AE-461D-A1EF-6E45C5CF4AB9}.Debug|Any CPU.ActiveCfg = Debug|Any CPU
		{4F92BF4C-F5AE-461D-A1EF-6E45C5CF4AB9}.Debug|Any CPU.Build.0 = Debug|Any CPU
		{4F92BF4C-F5AE-461D-A1EF-6E45C5CF4AB9}.Release|Any CPU.ActiveCfg = Release|Any CPU
		{4F92BF4C-F5AE-461D-A1EF-6E45C5CF4AB9}.Release|Any CPU.Build.0 = Release|Any CPU
	EndGlobalSection
	GlobalSection(SolutionProperties) = preSolution
		HideSolutionNode = FALSE
	EndGlobalSection
	GlobalSection(ExtensibilityGlobals) = postSolution
		SolutionGuid = {802B94BF-69AA-49F8-B639-3FB71CD2E309}
	EndGlobalSection
EndGlobal
