
Microsoft Visual Studio Solution File, Format Version 12.00
# Visual Studio Version 16
VisualStudioVersion = 16.0.31313.79
MinimumVisualStudioVersion = 10.0.40219.1
Project("{FAE04EC0-301F-11D3-BF4B-00C04F79EFBC}") = "Personel_Kayit", "Personel_Kayit\Personel_Kayit.csproj", "{1396D531-D60E-4403-A0F7-2A01640003D0}"
EndProject
Global
	GlobalSection(SolutionConfigurationPlatforms) = preSolution
		Debug|Any CPU = Debug|Any CPU
		Release|Any CPU = Release|Any CPU
	EndGlobalSection
	GlobalSection(ProjectConfigurationPlatforms) = postSolution
		{1396D531-D60E-4403-A0F7-2A01640003D0}.Debug|Any CPU.ActiveCfg = Debug|Any CPU
		{1396D531-D60E-4403-A0F7-2A01640003D0}.Debug|Any CPU.Build.0 = Debug|Any CPU
		{1396D531-D60E-4403-A0F7-2A01640003D0}.Release|Any CPU.ActiveCfg = Release|Any CPU
		{1396D531-D60E-4403-A0F7-2A01640003D0}.Release|Any CPU.Build.0 = Release|Any CPU
	EndGlobalSection
	GlobalSection(SolutionProperties) = preSolution
		HideSolutionNode = FALSE
	EndGlobalSection
	GlobalSection(ExtensibilityGlobals) = postSolution
		SolutionGuid = {77BE39E1-0714-44DD-BD0B-095442AD5BED}
	EndGlobalSection
EndGlobal
