
Microsoft Visual Studio Solution File, Format Version 12.00
# Visual Studio Version 16
VisualStudioVersion = 16.0.31313.79
MinimumVisualStudioVersion = 10.0.40219.1
Project("{FAE04EC0-301F-11D3-BF4B-00C04F79EFBC}") = "COnstructor_metot_2", "COnstructor_metot_2\COnstructor_metot_2.csproj", "{1D2E2BE5-BC80-4FCC-8E10-C9E5E7766AC9}"
EndProject
Global
	GlobalSection(SolutionConfigurationPlatforms) = preSolution
		Debug|Any CPU = Debug|Any CPU
		Release|Any CPU = Release|Any CPU
	EndGlobalSection
	GlobalSection(ProjectConfigurationPlatforms) = postSolution
		{1D2E2BE5-BC80-4FCC-8E10-C9E5E7766AC9}.Debug|Any CPU.ActiveCfg = Debug|Any CPU
		{1D2E2BE5-BC80-4FCC-8E10-C9E5E7766AC9}.Debug|Any CPU.Build.0 = Debug|Any CPU
		{1D2E2BE5-BC80-4FCC-8E10-C9E5E7766AC9}.Release|Any CPU.ActiveCfg = Release|Any CPU
		{1D2E2BE5-BC80-4FCC-8E10-C9E5E7766AC9}.Release|Any CPU.Build.0 = Release|Any CPU
	EndGlobalSection
	GlobalSection(SolutionProperties) = preSolution
		HideSolutionNode = FALSE
	EndGlobalSection
	GlobalSection(ExtensibilityGlobals) = postSolution
		SolutionGuid = {83391F9C-3624-4ED9-82F3-AEE3D1477135}
	EndGlobalSection
EndGlobal
