
Microsoft Visual Studio Solution File, Format Version 12.00
# Visual Studio Version 16
VisualStudioVersion = 16.0.31313.79
MinimumVisualStudioVersion = 10.0.40219.1
Project("{FAE04EC0-301F-11D3-BF4B-00C04F79EFBC}") = "Menu_strip", "Menu_strip\Menu_strip.csproj", "{7FD58C28-02BD-4142-9E21-792BA37186AF}"
EndProject
Global
	GlobalSection(SolutionConfigurationPlatforms) = preSolution
		Debug|Any CPU = Debug|Any CPU
		Release|Any CPU = Release|Any CPU
	EndGlobalSection
	GlobalSection(ProjectConfigurationPlatforms) = postSolution
		{7FD58C28-02BD-4142-9E21-792BA37186AF}.Debug|Any CPU.ActiveCfg = Debug|Any CPU
		{7FD58C28-02BD-4142-9E21-792BA37186AF}.Debug|Any CPU.Build.0 = Debug|Any CPU
		{7FD58C28-02BD-4142-9E21-792BA37186AF}.Release|Any CPU.ActiveCfg = Release|Any CPU
		{7FD58C28-02BD-4142-9E21-792BA37186AF}.Release|Any CPU.Build.0 = Release|Any CPU
	EndGlobalSection
	GlobalSection(SolutionProperties) = preSolution
		HideSolutionNode = FALSE
	EndGlobalSection
	GlobalSection(ExtensibilityGlobals) = postSolution
		SolutionGuid = {836784C4-7064-4E7B-BBE1-BA37AED27B8A}
	EndGlobalSection
EndGlobal
