
Microsoft Visual Studio Solution File, Format Version 12.00
# Visual Studio Version 16
VisualStudioVersion = 16.0.31313.79
MinimumVisualStudioVersion = 10.0.40219.1
Project("{FAE04EC0-301F-11D3-BF4B-00C04F79EFBC}") = "Odev_ConsoleExtra", "Odev_ConsoleExtra\Odev_ConsoleExtra.csproj", "{D1EDF3E5-C392-4364-BA1F-76BAE2DD2BA2}"
EndProject
Global
	GlobalSection(SolutionConfigurationPlatforms) = preSolution
		Debug|Any CPU = Debug|Any CPU
		Release|Any CPU = Release|Any CPU
	EndGlobalSection
	GlobalSection(ProjectConfigurationPlatforms) = postSolution
		{D1EDF3E5-C392-4364-BA1F-76BAE2DD2BA2}.Debug|Any CPU.ActiveCfg = Debug|Any CPU
		{D1EDF3E5-C392-4364-BA1F-76BAE2DD2BA2}.Debug|Any CPU.Build.0 = Debug|Any CPU
		{D1EDF3E5-C392-4364-BA1F-76BAE2DD2BA2}.Release|Any CPU.ActiveCfg = Release|Any CPU
		{D1EDF3E5-C392-4364-BA1F-76BAE2DD2BA2}.Release|Any CPU.Build.0 = Release|Any CPU
	EndGlobalSection
	GlobalSection(SolutionProperties) = preSolution
		HideSolutionNode = FALSE
	EndGlobalSection
	GlobalSection(ExtensibilityGlobals) = postSolution
		SolutionGuid = {A8971D29-DCA8-46BE-83DB-22BFF8F301E6}
	EndGlobalSection
EndGlobal
